// !$*UTF8*$!
{
	archiveVersion = 1;
	classes = {
	};
	objectVersion = 56;
	objects = {

/* Begin PBXBuildFile section */
		3D43C09E29C1F48300EC4757 /* AppDelegate.swift in Sources */ = {isa = PBXBuildFile; fileRef = 3D43C09D29C1F48300EC4757 /* AppDelegate.swift */; };
		3D43C0A029C1F48300EC4757 /* SceneDelegate.swift in Sources */ = {isa = PBXBuildFile; fileRef = 3D43C09F29C1F48300EC4757 /* SceneDelegate.swift */; };
		3D43C0A229C1F48300EC4757 /* TaskListVC.swift in Sources */ = {isa = PBXBuildFile; fileRef = 3D43C0A129C1F48300EC4757 /* TaskListVC.swift */; };
		3D43C0A729C1F48400EC4757 /* Assets.xcassets in Resources */ = {isa = PBXBuildFile; fileRef = 3D43C0A629C1F48400EC4757 /* Assets.xcassets */; };
		3D43C0AA29C1F48400EC4757 /* LaunchScreen.storyboard in Resources */ = {isa = PBXBuildFile; fileRef = 3D43C0A829C1F48400EC4757 /* LaunchScreen.storyboard */; };
		3D43C0BA29C1F5C200EC4757 /* APIHandler.swift in Sources */ = {isa = PBXBuildFile; fileRef = 3D43C0B929C1F5C200EC4757 /* APIHandler.swift */; };
		3D43C0BC29C1F5E300EC4757 /* Oauth.swift in Sources */ = {isa = PBXBuildFile; fileRef = 3D43C0BB29C1F5E300EC4757 /* Oauth.swift */; };
		3D43C0BE29C1F5EB00EC4757 /* Task.swift in Sources */ = {isa = PBXBuildFile; fileRef = 3D43C0BD29C1F5EB00EC4757 /* Task.swift */; };
		3D43C0C029C3094900EC4757 /* TaskListBuilder.swift in Sources */ = {isa = PBXBuildFile; fileRef = 3D43C0BF29C3094900EC4757 /* TaskListBuilder.swift */; };
		3D43C0C229C3096300EC4757 /* TaskListViewModel.swift in Sources */ = {isa = PBXBuildFile; fileRef = 3D43C0C129C3096300EC4757 /* TaskListViewModel.swift */; };
		3D43C0C429C309BB00EC4757 /* UserDefaultsManager.swift in Sources */ = {isa = PBXBuildFile; fileRef = 3D43C0C329C309BB00EC4757 /* UserDefaultsManager.swift */; };
		3D43C0C729C30A3E00EC4757 /* TaskListCell.swift in Sources */ = {isa = PBXBuildFile; fileRef = 3D43C0C629C30A3E00EC4757 /* TaskListCell.swift */; };
		3D43C0CA29C30A6500EC4757 /* SnapKit in Frameworks */ = {isa = PBXBuildFile; productRef = 3D43C0C929C30A6500EC4757 /* SnapKit */; };
		3D43C0CD29C30A7700EC4757 /* SwiftHEXColors in Frameworks */ = {isa = PBXBuildFile; productRef = 3D43C0CC29C30A7700EC4757 /* SwiftHEXColors */; };
		3D43C0D029C30A8B00EC4757 /* Alamofire in Frameworks */ = {isa = PBXBuildFile; productRef = 3D43C0CF29C30A8B00EC4757 /* Alamofire */; };
		3D43C0D229C30AB000EC4757 /* TaskListConstant.swift in Sources */ = {isa = PBXBuildFile; fileRef = 3D43C0D129C30AB000EC4757 /* TaskListConstant.swift */; };
		3D43C0D429C30AFE00EC4757 /* NetworkConnect.swift in Sources */ = {isa = PBXBuildFile; fileRef = 3D43C0D329C30AFE00EC4757 /* NetworkConnect.swift */; };
		3D43C0D629C30B6100EC4757 /* QRScannerVC.swift in Sources */ = {isa = PBXBuildFile; fileRef = 3D43C0D529C30B6100EC4757 /* QRScannerVC.swift */; };
		3D43C0D829C30B9D00EC4757 /* CGFloat + Ext.swift in Sources */ = {isa = PBXBuildFile; fileRef = 3D43C0D729C30B9D00EC4757 /* CGFloat + Ext.swift */; };
		3D43C0DB29C30BD600EC4757 /* Lottie in Frameworks */ = {isa = PBXBuildFile; productRef = 3D43C0DA29C30BD600EC4757 /* Lottie */; };
		3D43C0DD29C30BF000EC4757 /* loading.json in Resources */ = {isa = PBXBuildFile; fileRef = 3D43C0DC29C30BF000EC4757 /* loading.json */; };
/* End PBXBuildFile section */

/* Begin PBXFileReference section */
		3D43C09A29C1F48300EC4757 /* VERO - BauBuddyApp.app */ = {isa = PBXFileReference; explicitFileType = wrapper.application; includeInIndex = 0; path = "VERO - BauBuddyApp.app"; sourceTree = BUILT_PRODUCTS_DIR; };
		3D43C09D29C1F48300EC4757 /* AppDelegate.swift */ = {isa = PBXFileReference; lastKnownFileType = sourcecode.swift; path = AppDelegate.swift; sourceTree = "<group>"; };
		3D43C09F29C1F48300EC4757 /* SceneDelegate.swift */ = {isa = PBXFileReference; lastKnownFileType = sourcecode.swift; path = SceneDelegate.swift; sourceTree = "<group>"; };
		3D43C0A129C1F48300EC4757 /* TaskListVC.swift */ = {isa = PBXFileReference; lastKnownFileType = sourcecode.swift; path = TaskListVC.swift; sourceTree = "<group>"; };
		3D43C0A629C1F48400EC4757 /* Assets.xcassets */ = {isa = PBXFileReference; lastKnownFileType = folder.assetcatalog; path = Assets.xcassets; sourceTree = "<group>"; };
		3D43C0A929C1F48400EC4757 /* Base */ = {isa = PBXFileReference; lastKnownFileType = file.storyboard; name = Base; path = Base.lproj/LaunchScreen.storyboard; sourceTree = "<group>"; };
		3D43C0AB29C1F48400EC4757 /* Info.plist */ = {isa = PBXFileReference; lastKnownFileType = text.plist.xml; path = Info.plist; sourceTree = "<group>"; };
		3D43C0B929C1F5C200EC4757 /* APIHandler.swift */ = {isa = PBXFileReference; lastKnownFileType = sourcecode.swift; path = APIHandler.swift; sourceTree = "<group>"; };
		3D43C0BB29C1F5E300EC4757 /* Oauth.swift */ = {isa = PBXFileReference; lastKnownFileType = sourcecode.swift; path = Oauth.swift; sourceTree = "<group>"; };
		3D43C0BD29C1F5EB00EC4757 /* Task.swift */ = {isa = PBXFileReference; lastKnownFileType = sourcecode.swift; path = Task.swift; sourceTree = "<group>"; };
		3D43C0BF29C3094900EC4757 /* TaskListBuilder.swift */ = {isa = PBXFileReference; lastKnownFileType = sourcecode.swift; path = TaskListBuilder.swift; sourceTree = "<group>"; };
		3D43C0C129C3096300EC4757 /* TaskListViewModel.swift */ = {isa = PBXFileReference; lastKnownFileType = sourcecode.swift; path = TaskListViewModel.swift; sourceTree = "<group>"; };
		3D43C0C329C309BB00EC4757 /* UserDefaultsManager.swift */ = {isa = PBXFileReference; lastKnownFileType = sourcecode.swift; path = UserDefaultsManager.swift; sourceTree = "<group>"; };
		3D43C0C629C30A3E00EC4757 /* TaskListCell.swift */ = {isa = PBXFileReference; lastKnownFileType = sourcecode.swift; path = TaskListCell.swift; sourceTree = "<group>"; };
		3D43C0D129C30AB000EC4757 /* TaskListConstant.swift */ = {isa = PBXFileReference; lastKnownFileType = sourcecode.swift; path = TaskListConstant.swift; sourceTree = "<group>"; };
		3D43C0D329C30AFE00EC4757 /* NetworkConnect.swift */ = {isa = PBXFileReference; lastKnownFileType = sourcecode.swift; path = NetworkConnect.swift; sourceTree = "<group>"; };
		3D43C0D529C30B6100EC4757 /* QRScannerVC.swift */ = {isa = PBXFileReference; lastKnownFileType = sourcecode.swift; path = QRScannerVC.swift; sourceTree = "<group>"; };
		3D43C0D729C30B9D00EC4757 /* CGFloat + Ext.swift */ = {isa = PBXFileReference; lastKnownFileType = sourcecode.swift; path = "CGFloat + Ext.swift"; sourceTree = "<group>"; };
		3D43C0DC29C30BF000EC4757 /* loading.json */ = {isa = PBXFileReference; fileEncoding = 4; lastKnownFileType = text.json; path = loading.json; sourceTree = "<group>"; };
/* End PBXFileReference section */

/* Begin PBXFrameworksBuildPhase section */
		3D43C09729C1F48300EC4757 /* Frameworks */ = {
			isa = PBXFrameworksBuildPhase;
			buildActionMask = 2147483647;
			files = (
				3D43C0D029C30A8B00EC4757 /* Alamofire in Frameworks */,
				3D43C0CD29C30A7700EC4757 /* SwiftHEXColors in Frameworks */,
				3D43C0CA29C30A6500EC4757 /* SnapKit in Frameworks */,
				3D43C0DB29C30BD600EC4757 /* Lottie in Frameworks */,
			);
			runOnlyForDeploymentPostprocessing = 0;
		};
/* End PBXFrameworksBuildPhase section */

/* Begin PBXGroup section */
		3D43C09129C1F48300EC4757 = {
			isa = PBXGroup;
			children = (
				3D43C09C29C1F48300EC4757 /* VERO - BauBuddyApp */,
				3D43C09B29C1F48300EC4757 /* Products */,
			);
			sourceTree = "<group>";
		};
		3D43C09B29C1F48300EC4757 /* Products */ = {
			isa = PBXGroup;
			children = (
				3D43C09A29C1F48300EC4757 /* VERO - BauBuddyApp.app */,
			);
			name = Products;
			sourceTree = "<group>";
		};
		3D43C09C29C1F48300EC4757 /* VERO - BauBuddyApp */ = {
			isa = PBXGroup;
			children = (
				3D43C0B729C1F4EA00EC4757 /* Support */,
				3D43C0B129C1F4B600EC4757 /* Constants */,
				3D43C0B829C1F4EF00EC4757 /* Resources */,
				3D43C0B529C1F4D500EC4757 /* Helpers */,
				3D43C0B229C1F4BD00EC4757 /* Model */,
				3D43C0B429C1F4CC00EC4757 /* Manager */,
				3D43C0B329C1F4C600EC4757 /* Network */,
				3D43C0B629C1F4DE00EC4757 /* Screens */,
			);
			path = "VERO - BauBuddyApp";
			sourceTree = "<group>";
		};
		3D43C0B129C1F4B600EC4757 /* Constants */ = {
			isa = PBXGroup;
			children = (
				3D43C0D129C30AB000EC4757 /* TaskListConstant.swift */,
			);
			path = Constants;
			sourceTree = "<group>";
		};
		3D43C0B229C1F4BD00EC4757 /* Model */ = {
			isa = PBXGroup;
			children = (
				3D43C0BB29C1F5E300EC4757 /* Oauth.swift */,
				3D43C0BD29C1F5EB00EC4757 /* Task.swift */,
			);
			path = Model;
			sourceTree = "<group>";
		};
		3D43C0B329C1F4C600EC4757 /* Network */ = {
			isa = PBXGroup;
			children = (
				3D43C0B929C1F5C200EC4757 /* APIHandler.swift */,
			);
			path = Network;
			sourceTree = "<group>";
		};
		3D43C0B429C1F4CC00EC4757 /* Manager */ = {
			isa = PBXGroup;
			children = (
				3D43C0C329C309BB00EC4757 /* UserDefaultsManager.swift */,
			);
			path = Manager;
			sourceTree = "<group>";
		};
		3D43C0B529C1F4D500EC4757 /* Helpers */ = {
			isa = PBXGroup;
			children = (
				3D43C0D329C30AFE00EC4757 /* NetworkConnect.swift */,
				3D43C0D729C30B9D00EC4757 /* CGFloat + Ext.swift */,
			);
			path = Helpers;
			sourceTree = "<group>";
		};
		3D43C0B629C1F4DE00EC4757 /* Screens */ = {
			isa = PBXGroup;
			children = (
				3D43C0DE29C30C1A00EC4757 /* TaskVC */,
				3D43C0DF29C30C2E00EC4757 /* QRScannerVC */,
				3D43C0C529C30A1900EC4757 /* Cell */,
			);
			path = Screens;
			sourceTree = "<group>";
		};
		3D43C0B729C1F4EA00EC4757 /* Support */ = {
			isa = PBXGroup;
			children = (
				3D43C09F29C1F48300EC4757 /* SceneDelegate.swift */,
				3D43C09D29C1F48300EC4757 /* AppDelegate.swift */,
			);
			path = Support;
			sourceTree = "<group>";
		};
		3D43C0B829C1F4EF00EC4757 /* Resources */ = {
			isa = PBXGroup;
			children = (
				3D43C0AB29C1F48400EC4757 /* Info.plist */,
				3D43C0A829C1F48400EC4757 /* LaunchScreen.storyboard */,
				3D43C0DC29C30BF000EC4757 /* loading.json */,
				3D43C0A629C1F48400EC4757 /* Assets.xcassets */,
			);
			path = Resources;
			sourceTree = "<group>";
		};
		3D43C0C529C30A1900EC4757 /* Cell */ = {
			isa = PBXGroup;
			children = (
				3D43C0C629C30A3E00EC4757 /* TaskListCell.swift */,
			);
			path = Cell;
			sourceTree = "<group>";
		};
		3D43C0DE29C30C1A00EC4757 /* TaskVC */ = {
			isa = PBXGroup;
			children = (
				3D43C0BF29C3094900EC4757 /* TaskListBuilder.swift */,
				3D43C0C129C3096300EC4757 /* TaskListViewModel.swift */,
				3D43C0A129C1F48300EC4757 /* TaskListVC.swift */,
			);
			path = TaskVC;
			sourceTree = "<group>";
		};
		3D43C0DF29C30C2E00EC4757 /* QRScannerVC */ = {
			isa = PBXGroup;
			children = (
				3D43C0D529C30B6100EC4757 /* QRScannerVC.swift */,
			);
			path = QRScannerVC;
			sourceTree = "<group>";
		};
/* End PBXGroup section */

/* Begin PBXNativeTarget section */
		3D43C09929C1F48300EC4757 /* VERO - BauBuddyApp */ = {
			isa = PBXNativeTarget;
			buildConfigurationList = 3D43C0AE29C1F48400EC4757 /* Build configuration list for PBXNativeTarget "VERO - BauBuddyApp" */;
			buildPhases = (
				3D43C09629C1F48300EC4757 /* Sources */,
				3D43C09729C1F48300EC4757 /* Frameworks */,
				3D43C09829C1F48300EC4757 /* Resources */,
			);
			buildRules = (
			);
			dependencies = (
			);
			name = "VERO - BauBuddyApp";
			packageProductDependencies = (
				3D43C0C929C30A6500EC4757 /* SnapKit */,
				3D43C0CC29C30A7700EC4757 /* SwiftHEXColors */,
				3D43C0CF29C30A8B00EC4757 /* Alamofire */,
				3D43C0DA29C30BD600EC4757 /* Lottie */,
			);
			productName = "VERO - BauBuddyApp";
			productReference = 3D43C09A29C1F48300EC4757 /* VERO - BauBuddyApp.app */;
			productType = "com.apple.product-type.application";
		};
/* End PBXNativeTarget section */

/* Begin PBXProject section */
		3D43C09229C1F48300EC4757 /* Project object */ = {
			isa = PBXProject;
			attributes = {
				BuildIndependentTargetsInParallel = 1;
				LastSwiftUpdateCheck = 1410;
				LastUpgradeCheck = 1410;
				TargetAttributes = {
					3D43C09929C1F48300EC4757 = {
						CreatedOnToolsVersion = 14.1;
					};
				};
			};
			buildConfigurationList = 3D43C09529C1F48300EC4757 /* Build configuration list for PBXProject "VERO - BauBuddyApp" */;
			compatibilityVersion = "Xcode 14.0";
			developmentRegion = en;
			hasScannedForEncodings = 0;
			knownRegions = (
				en,
				Base,
			);
			mainGroup = 3D43C09129C1F48300EC4757;
			packageReferences = (
				3D43C0C829C30A6500EC4757 /* XCRemoteSwiftPackageReference "SnapKit" */,
				3D43C0CB29C30A7700EC4757 /* XCRemoteSwiftPackageReference "SwiftHEXColors" */,
				3D43C0CE29C30A8B00EC4757 /* XCRemoteSwiftPackageReference "Alamofire" */,
				3D43C0D929C30BD600EC4757 /* XCRemoteSwiftPackageReference "lottie-ios" */,
			);
			productRefGroup = 3D43C09B29C1F48300EC4757 /* Products */;
			projectDirPath = "";
			projectRoot = "";
			targets = (
				3D43C09929C1F48300EC4757 /* VERO - BauBuddyApp */,
			);
		};
/* End PBXProject section */

/* Begin PBXResourcesBuildPhase section */
		3D43C09829C1F48300EC4757 /* Resources */ = {
			isa = PBXResourcesBuildPhase;
			buildActionMask = 2147483647;
			files = (
				3D43C0DD29C30BF000EC4757 /* loading.json in Resources */,
				3D43C0AA29C1F48400EC4757 /* LaunchScreen.storyboard in Resources */,
				3D43C0A729C1F48400EC4757 /* Assets.xcassets in Resources */,
			);
			runOnlyForDeploymentPostprocessing = 0;
		};
/* End PBXResourcesBuildPhase section */

/* Begin PBXSourcesBuildPhase section */
		3D43C09629C1F48300EC4757 /* Sources */ = {
			isa = PBXSourcesBuildPhase;
			buildActionMask = 2147483647;
			files = (
				3D43C0A229C1F48300EC4757 /* TaskListVC.swift in Sources */,
				3D43C0D429C30AFE00EC4757 /* NetworkConnect.swift in Sources */,
				3D43C09E29C1F48300EC4757 /* AppDelegate.swift in Sources */,
				3D43C0D629C30B6100EC4757 /* QRScannerVC.swift in Sources */,
				3D43C0A029C1F48300EC4757 /* SceneDelegate.swift in Sources */,
				3D43C0BA29C1F5C200EC4757 /* APIHandler.swift in Sources */,
				3D43C0D229C30AB000EC4757 /* TaskListConstant.swift in Sources */,
				3D43C0C029C3094900EC4757 /* TaskListBuilder.swift in Sources */,
				3D43C0D829C30B9D00EC4757 /* CGFloat + Ext.swift in Sources */,
				3D43C0C429C309BB00EC4757 /* UserDefaultsManager.swift in Sources */,
				3D43C0C729C30A3E00EC4757 /* TaskListCell.swift in Sources */,
				3D43C0C229C3096300EC4757 /* TaskListViewModel.swift in Sources */,
				3D43C0BE29C1F5EB00EC4757 /* Task.swift in Sources */,
				3D43C0BC29C1F5E300EC4757 /* Oauth.swift in Sources */,
			);
			runOnlyForDeploymentPostprocessing = 0;
		};
/* End PBXSourcesBuildPhase section */

/* Begin PBXVariantGroup section */
		3D43C0A829C1F48400EC4757 /* LaunchScreen.storyboard */ = {
			isa = PBXVariantGroup;
			children = (
				3D43C0A929C1F48400EC4757 /* Base */,
			);
			name = LaunchScreen.storyboard;
			sourceTree = "<group>";
		};
/* End PBXVariantGroup section */

/* Begin XCBuildConfiguration section */
		3D43C0AC29C1F48400EC4757 /* Debug */ = {
			isa = XCBuildConfiguration;
			buildSettings = {
				ALWAYS_SEARCH_USER_PATHS = NO;
				CLANG_ANALYZER_NONNULL = YES;
				CLANG_ANALYZER_NUMBER_OBJECT_CONVERSION = YES_AGGRESSIVE;
				CLANG_CXX_LANGUAGE_STANDARD = "gnu++20";
				CLANG_ENABLE_MODULES = YES;
				CLANG_ENABLE_OBJC_ARC = YES;
				CLANG_ENABLE_OBJC_WEAK = YES;
				CLANG_WARN_BLOCK_CAPTURE_AUTORELEASING = YES;
				CLANG_WARN_BOOL_CONVERSION = YES;
				CLANG_WARN_COMMA = YES;
				CLANG_WARN_CONSTANT_CONVERSION = YES;
				CLANG_WARN_DEPRECATED_OBJC_IMPLEMENTATIONS = YES;
				CLANG_WARN_DIRECT_OBJC_ISA_USAGE = YES_ERROR;
				CLANG_WARN_DOCUMENTATION_COMMENTS = YES;
				CLANG_WARN_EMPTY_BODY = YES;
				CLANG_WARN_ENUM_CONVERSION = YES;
				CLANG_WARN_INFINITE_RECURSION = YES;
				CLANG_WARN_INT_CONVERSION = YES;
				CLANG_WARN_NON_LITERAL_NULL_CONVERSION = YES;
				CLANG_WARN_OBJC_IMPLICIT_RETAIN_SELF = YES;
				CLANG_WARN_OBJC_LITERAL_CONVERSION = YES;
				CLANG_WARN_OBJC_ROOT_CLASS = YES_ERROR;
				CLANG_WARN_QUOTED_INCLUDE_IN_FRAMEWORK_HEADER = YES;
				CLANG_WARN_RANGE_LOOP_ANALYSIS = YES;
				CLANG_WARN_STRICT_PROTOTYPES = YES;
				CLANG_WARN_SUSPICIOUS_MOVE = YES;
				CLANG_WARN_UNGUARDED_AVAILABILITY = YES_AGGRESSIVE;
				CLANG_WARN_UNREACHABLE_CODE = YES;
				CLANG_WARN__DUPLICATE_METHOD_MATCH = YES;
				COPY_PHASE_STRIP = NO;
				DEBUG_INFORMATION_FORMAT = dwarf;
				ENABLE_STRICT_OBJC_MSGSEND = YES;
				ENABLE_TESTABILITY = YES;
				GCC_C_LANGUAGE_STANDARD = gnu11;
				GCC_DYNAMIC_NO_PIC = NO;
				GCC_NO_COMMON_BLOCKS = YES;
				GCC_OPTIMIZATION_LEVEL = 0;
				GCC_PREPROCESSOR_DEFINITIONS = (
					"DEBUG=1",
					"$(inherited)",
				);
				GCC_WARN_64_TO_32_BIT_CONVERSION = YES;
				GCC_WARN_ABOUT_RETURN_TYPE = YES_ERROR;
				GCC_WARN_UNDECLARED_SELECTOR = YES;
				GCC_WARN_UNINITIALIZED_AUTOS = YES_AGGRESSIVE;
				GCC_WARN_UNUSED_FUNCTION = YES;
				GCC_WARN_UNUSED_VARIABLE = YES;
				IPHONEOS_DEPLOYMENT_TARGET = 16.1;
				MTL_ENABLE_DEBUG_INFO = INCLUDE_SOURCE;
				MTL_FAST_MATH = YES;
				ONLY_ACTIVE_ARCH = YES;
				SDKROOT = iphoneos;
				SWIFT_ACTIVE_COMPILATION_CONDITIONS = DEBUG;
				SWIFT_OPTIMIZATION_LEVEL = "-Onone";
			};
			name = Debug;
		};
		3D43C0AD29C1F48400EC4757 /* Release */ = {
			isa = XCBuildConfiguration;
			buildSettings = {
				ALWAYS_SEARCH_USER_PATHS = NO;
				CLANG_ANALYZER_NONNULL = YES;
				CLANG_ANALYZER_NUMBER_OBJECT_CONVERSION = YES_AGGRESSIVE;
				CLANG_CXX_LANGUAGE_STANDARD = "gnu++20";
				CLANG_ENABLE_MODULES = YES;
				CLANG_ENABLE_OBJC_ARC = YES;
				CLANG_ENABLE_OBJC_WEAK = YES;
				CLANG_WARN_BLOCK_CAPTURE_AUTORELEASING = YES;
				CLANG_WARN_BOOL_CONVERSION = YES;
				CLANG_WARN_COMMA = YES;
				CLANG_WARN_CONSTANT_CONVERSION = YES;
				CLANG_WARN_DEPRECATED_OBJC_IMPLEMENTATIONS = YES;
				CLANG_WARN_DIRECT_OBJC_ISA_USAGE = YES_ERROR;
				CLANG_WARN_DOCUMENTATION_COMMENTS = YES;
				CLANG_WARN_EMPTY_BODY = YES;
				CLANG_WARN_ENUM_CONVERSION = YES;
				CLANG_WARN_INFINITE_RECURSION = YES;
				CLANG_WARN_INT_CONVERSION = YES;
				CLANG_WARN_NON_LITERAL_NULL_CONVERSION = YES;
				CLANG_WARN_OBJC_IMPLICIT_RETAIN_SELF = YES;
				CLANG_WARN_OBJC_LITERAL_CONVERSION = YES;
				CLANG_WARN_OBJC_ROOT_CLASS = YES_ERROR;
				CLANG_WARN_QUOTED_INCLUDE_IN_FRAMEWORK_HEADER = YES;
				CLANG_WARN_RANGE_LOOP_ANALYSIS = YES;
				CLANG_WARN_STRICT_PROTOTYPES = YES;
				CLANG_WARN_SUSPICIOUS_MOVE = YES;
				CLANG_WARN_UNGUARDED_AVAILABILITY = YES_AGGRESSIVE;
				CLANG_WARN_UNREACHABLE_CODE = YES;
				CLANG_WARN__DUPLICATE_METHOD_MATCH = YES;
				COPY_PHASE_STRIP = NO;
				DEBUG_INFORMATION_FORMAT = "dwarf-with-dsym";
				ENABLE_NS_ASSERTIONS = NO;
				ENABLE_STRICT_OBJC_MSGSEND = YES;
				GCC_C_LANGUAGE_STANDARD = gnu11;
				GCC_NO_COMMON_BLOCKS = YES;
				GCC_WARN_64_TO_32_BIT_CONVERSION = YES;
				GCC_WARN_ABOUT_RETURN_TYPE = YES_ERROR;
				GCC_WARN_UNDECLARED_SELECTOR = YES;
				GCC_WARN_UNINITIALIZED_AUTOS = YES_AGGRESSIVE;
				GCC_WARN_UNUSED_FUNCTION = YES;
				GCC_WARN_UNUSED_VARIABLE = YES;
				IPHONEOS_DEPLOYMENT_TARGET = 16.1;
				MTL_ENABLE_DEBUG_INFO = NO;
				MTL_FAST_MATH = YES;
				SDKROOT = iphoneos;
				SWIFT_COMPILATION_MODE = wholemodule;
				SWIFT_OPTIMIZATION_LEVEL = "-O";
				VALIDATE_PRODUCT = YES;
			};
			name = Release;
		};
		3D43C0AF29C1F48400EC4757 /* Debug */ = {
			isa = XCBuildConfiguration;
			buildSettings = {
				ASSETCATALOG_COMPILER_APPICON_NAME = AppIcon;
				ASSETCATALOG_COMPILER_GLOBAL_ACCENT_COLOR_NAME = AccentColor;
				CODE_SIGN_STYLE = Automatic;
				CURRENT_PROJECT_VERSION = 1;
				DEVELOPMENT_TEAM = UH5437SQWZ;
				GENERATE_INFOPLIST_FILE = YES;
				INFOPLIST_FILE = "VERO - BauBuddyApp/Resources/Info.plist";
				INFOPLIST_KEY_UIApplicationSupportsIndirectInputEvents = YES;
				INFOPLIST_KEY_UILaunchStoryboardName = LaunchScreen;
				INFOPLIST_KEY_UISupportedInterfaceOrientations_iPad = "UIInterfaceOrientationPortrait UIInterfaceOrientationPortraitUpsideDown UIInterfaceOrientationLandscapeLeft UIInterfaceOrientationLandscapeRight";
				INFOPLIST_KEY_UISupportedInterfaceOrientations_iPhone = "UIInterfaceOrientationPortrait UIInterfaceOrientationLandscapeLeft UIInterfaceOrientationLandscapeRight";
				LD_RUNPATH_SEARCH_PATHS = (
					"$(inherited)",
					"@executable_path/Frameworks",
				);
				MARKETING_VERSION = 1.0;
				PRODUCT_BUNDLE_IDENTIFIER = "fatih.VERO---BauBuddyApp";
				PRODUCT_NAME = "$(TARGET_NAME)";
				SWIFT_EMIT_LOC_STRINGS = YES;
				SWIFT_VERSION = 5.0;
				TARGETED_DEVICE_FAMILY = "1,2";
			};
			name = Debug;
		};
		3D43C0B029C1F48400EC4757 /* Release */ = {
			isa = XCBuildConfiguration;
			buildSettings = {
				ASSETCATALOG_COMPILER_APPICON_NAME = AppIcon;
				ASSETCATALOG_COMPILER_GLOBAL_ACCENT_COLOR_NAME = AccentColor;
				CODE_SIGN_STYLE = Automatic;
				CURRENT_PROJECT_VERSION = 1;
				DEVELOPMENT_TEAM = UH5437SQWZ;
				GENERATE_INFOPLIST_FILE = YES;
				INFOPLIST_FILE = "VERO - BauBuddyApp/Resources/Info.plist";
				INFOPLIST_KEY_UIApplicationSupportsIndirectInputEvents = YES;
				INFOPLIST_KEY_UILaunchStoryboardName = LaunchScreen;
				INFOPLIST_KEY_UISupportedInterfaceOrientations_iPad = "UIInterfaceOrientationPortrait UIInterfaceOrientationPortraitUpsideDown UIInterfaceOrientationLandscapeLeft UIInterfaceOrientationLandscapeRight";
				INFOPLIST_KEY_UISupportedInterfaceOrientations_iPhone = "UIInterfaceOrientationPortrait UIInterfaceOrientationLandscapeLeft UIInterfaceOrientationLandscapeRight";
				LD_RUNPATH_SEARCH_PATHS = (
					"$(inherited)",
					"@executable_path/Frameworks",
				);
				MARKETING_VERSION = 1.0;
				PRODUCT_BUNDLE_IDENTIFIER = "fatih.VERO---BauBuddyApp";
				PRODUCT_NAME = "$(TARGET_NAME)";
				SWIFT_EMIT_LOC_STRINGS = YES;
				SWIFT_VERSION = 5.0;
				TARGETED_DEVICE_FAMILY = "1,2";
			};
			name = Release;
		};
/* End XCBuildConfiguration section */

/* Begin XCConfigurationList section */
		3D43C09529C1F48300EC4757 /* Build configuration list for PBXProject "VERO - BauBuddyApp" */ = {
			isa = XCConfigurationList;
			buildConfigurations = (
				3D43C0AC29C1F48400EC4757 /* Debug */,
				3D43C0AD29C1F48400EC4757 /* Release */,
			);
			defaultConfigurationIsVisible = 0;
			defaultConfigurationName = Release;
		};
		3D43C0AE29C1F48400EC4757 /* Build configuration list for PBXNativeTarget "VERO - BauBuddyApp" */ = {
			isa = XCConfigurationList;
			buildConfigurations = (
				3D43C0AF29C1F48400EC4757 /* Debug */,
				3D43C0B029C1F48400EC4757 /* Release */,
			);
			defaultConfigurationIsVisible = 0;
			defaultConfigurationName = Release;
		};
/* End XCConfigurationList section */

/* Begin XCRemoteSwiftPackageReference section */
		3D43C0C829C30A6500EC4757 /* XCRemoteSwiftPackageReference "SnapKit" */ = {
			isa = XCRemoteSwiftPackageReference;
			repositoryURL = "https://github.com/SnapKit/SnapKit.git";
			requirement = {
				kind = upToNextMajorVersion;
				minimumVersion = 5.0.0;
			};
		};
		3D43C0CB29C30A7700EC4757 /* XCRemoteSwiftPackageReference "SwiftHEXColors" */ = {
			isa = XCRemoteSwiftPackageReference;
			repositoryURL = "https://github.com/thii/SwiftHEXColors.git";
			requirement = {
				branch = master;
				kind = branch;
			};
		};
		3D43C0CE29C30A8B00EC4757 /* XCRemoteSwiftPackageReference "Alamofire" */ = {
			isa = XCRemoteSwiftPackageReference;
			repositoryURL = "https://github.com/Alamofire/Alamofire.git";
			requirement = {
				branch = master;
				kind = branch;
			};
		};
		3D43C0D929C30BD600EC4757 /* XCRemoteSwiftPackageReference "lottie-ios" */ = {
			isa = XCRemoteSwiftPackageReference;
			repositoryURL = "https://github.com/airbnb/lottie-ios";
			requirement = {
				branch = master;
				kind = branch;
			};
		};
/* End XCRemoteSwiftPackageReference section */

/* Begin XCSwiftPackageProductDependency section */
		3D43C0C929C30A6500EC4757 /* SnapKit */ = {
			isa = XCSwiftPackageProductDependency;
			package = 3D43C0C829C30A6500EC4757 /* XCRemoteSwiftPackageReference "SnapKit" */;
			productName = SnapKit;
		};
		3D43C0CC29C30A7700EC4757 /* SwiftHEXColors */ = {
			isa = XCSwiftPackageProductDependency;
			package = 3D43C0CB29C30A7700EC4757 /* XCRemoteSwiftPackageReference "SwiftHEXColors" */;
			productName = SwiftHEXColors;
		};
		3D43C0CF29C30A8B00EC4757 /* Alamofire */ = {
			isa = XCSwiftPackageProductDependency;
			package = 3D43C0CE29C30A8B00EC4757 /* XCRemoteSwiftPackageReference "Alamofire" */;
			productName = Alamofire;
		};
		3D43C0DA29C30BD600EC4757 /* Lottie */ = {
			isa = XCSwiftPackageProductDependency;
			package = 3D43C0D929C30BD600EC4757 /* XCRemoteSwiftPackageReference "lottie-ios" */;
			productName = Lottie;
		};
/* End XCSwiftPackageProductDependency section */
	};
	rootObject = 3D43C09229C1F48300EC4757 /* Project object */;
}
